// !$*UTF8*$!
{
	archiveVersion = 1;
	classes = {
	};
	objectVersion = 46;
	objects = {

/* Begin PBXBuildFile section */
		4D80799A9B363102A2721AA7 /* Pods_lostandfound.framework in Frameworks */ = {isa = PBXBuildFile; fileRef = 52C334DC591477AFF1531251 /* Pods_lostandfound.framework */; };
		5A3110FD7E4A77A959CDD6A2 /* Pods_lostandfoundUITests.framework in Frameworks */ = {isa = PBXBuildFile; fileRef = 8090312C06211FA8860FCDAF /* Pods_lostandfoundUITests.framework */; };
		9826D4EFACEF3D1644CAB5A5 /* Pods_lostandfoundTests.framework in Frameworks */ = {isa = PBXBuildFile; fileRef = 072975264B201A98F0A6230F /* Pods_lostandfoundTests.framework */; };
		A3C5EFAF1F2017E000851289 /* ItemViewController.swift in Sources */ = {isa = PBXBuildFile; fileRef = A3C5EFAD1F2017E000851289 /* ItemViewController.swift */; };
		A3C5EFB01F2017E000851289 /* ItemViewController.xib in Resources */ = {isa = PBXBuildFile; fileRef = A3C5EFAE1F2017E000851289 /* ItemViewController.xib */; };
		BA02C1CB1ECB049A006A788F /* LoginViewController.swift in Sources */ = {isa = PBXBuildFile; fileRef = BA02C1C91ECB049A006A788F /* LoginViewController.swift */; };
		BA02C1CC1ECB049A006A788F /* LoginViewController.xib in Resources */ = {isa = PBXBuildFile; fileRef = BA02C1CA1ECB049A006A788F /* LoginViewController.xib */; };
		BA1888481F1FB88500DFA765 /* FoundViewController.swift in Sources */ = {isa = PBXBuildFile; fileRef = BA1888461F1FB88500DFA765 /* FoundViewController.swift */; };
		BA1888491F1FB88500DFA765 /* FoundViewController.xib in Resources */ = {isa = PBXBuildFile; fileRef = BA1888471F1FB88500DFA765 /* FoundViewController.xib */; };
		BA18884B1F1FB90E00DFA765 /* Item.swift in Sources */ = {isa = PBXBuildFile; fileRef = BA18884A1F1FB90E00DFA765 /* Item.swift */; };
		BA18884D1F1FB9FB00DFA765 /* ItemRetriever.swift in Sources */ = {isa = PBXBuildFile; fileRef = BA18884C1F1FB9FB00DFA765 /* ItemRetriever.swift */; };
		BA2C6BB51ECAF7E900A5FD28 /* AppDelegate.swift in Sources */ = {isa = PBXBuildFile; fileRef = BA2C6BB41ECAF7E900A5FD28 /* AppDelegate.swift */; };
		BA2C6BBC1ECAF7E900A5FD28 /* Assets.xcassets in Resources */ = {isa = PBXBuildFile; fileRef = BA2C6BBB1ECAF7E900A5FD28 /* Assets.xcassets */; };
		BA2C6BCA1ECAF7E900A5FD28 /* lostandfoundTests.swift in Sources */ = {isa = PBXBuildFile; fileRef = BA2C6BC91ECAF7E900A5FD28 /* lostandfoundTests.swift */; };
		BA2C6BD51ECAF7E900A5FD28 /* lostandfoundUITests.swift in Sources */ = {isa = PBXBuildFile; fileRef = BA2C6BD41ECAF7E900A5FD28 /* lostandfoundUITests.swift */; };
		BAAC691B1F1FFA1A00C708BD /* GoogleService-Info.plist in Resources */ = {isa = PBXBuildFile; fileRef = BAAC691A1F1FFA1A00C708BD /* GoogleService-Info.plist */; };
/* End PBXBuildFile section */

/* Begin PBXContainerItemProxy section */
		BA2C6BC61ECAF7E900A5FD28 /* PBXContainerItemProxy */ = {
			isa = PBXContainerItemProxy;
			containerPortal = BA2C6BA91ECAF7E900A5FD28 /* Project object */;
			proxyType = 1;
			remoteGlobalIDString = BA2C6BB01ECAF7E900A5FD28;
			remoteInfo = lostandfound;
		};
		BA2C6BD11ECAF7E900A5FD28 /* PBXContainerItemProxy */ = {
			isa = PBXContainerItemProxy;
			containerPortal = BA2C6BA91ECAF7E900A5FD28 /* Project object */;
			proxyType = 1;
			remoteGlobalIDString = BA2C6BB01ECAF7E900A5FD28;
			remoteInfo = lostandfound;
		};
/* End PBXContainerItemProxy section */

/* Begin PBXFileReference section */
		072975264B201A98F0A6230F /* Pods_lostandfoundTests.framework */ = {isa = PBXFileReference; explicitFileType = wrapper.framework; includeInIndex = 0; path = Pods_lostandfoundTests.framework; sourceTree = BUILT_PRODUCTS_DIR; };
		1AEE9DC1CC2DAA22395754A8 /* Pods-lostandfoundUITests.debug.xcconfig */ = {isa = PBXFileReference; includeInIndex = 1; lastKnownFileType = text.xcconfig; name = "Pods-lostandfoundUITests.debug.xcconfig"; path = "Pods/Target Support Files/Pods-lostandfoundUITests/Pods-lostandfoundUITests.debug.xcconfig"; sourceTree = "<group>"; };
		52C334DC591477AFF1531251 /* Pods_lostandfound.framework */ = {isa = PBXFileReference; explicitFileType = wrapper.framework; includeInIndex = 0; path = Pods_lostandfound.framework; sourceTree = BUILT_PRODUCTS_DIR; };
		6FB624E8A9767E6B8A2A4A73 /* Pods-lostandfoundTests.release.xcconfig */ = {isa = PBXFileReference; includeInIndex = 1; lastKnownFileType = text.xcconfig; name = "Pods-lostandfoundTests.release.xcconfig"; path = "Pods/Target Support Files/Pods-lostandfoundTests/Pods-lostandfoundTests.release.xcconfig"; sourceTree = "<group>"; };
		8090312C06211FA8860FCDAF /* Pods_lostandfoundUITests.framework */ = {isa = PBXFileReference; explicitFileType = wrapper.framework; includeInIndex = 0; path = Pods_lostandfoundUITests.framework; sourceTree = BUILT_PRODUCTS_DIR; };
		9347D27BBD5ABB30A1730F22 /* Pods-lostandfoundTests.debug.xcconfig */ = {isa = PBXFileReference; includeInIndex = 1; lastKnownFileType = text.xcconfig; name = "Pods-lostandfoundTests.debug.xcconfig"; path = "Pods/Target Support Files/Pods-lostandfoundTests/Pods-lostandfoundTests.debug.xcconfig"; sourceTree = "<group>"; };
		A3C5EFAD1F2017E000851289 /* ItemViewController.swift */ = {isa = PBXFileReference; fileEncoding = 4; lastKnownFileType = sourcecode.swift; path = ItemViewController.swift; sourceTree = "<group>"; };
		A3C5EFAE1F2017E000851289 /* ItemViewController.xib */ = {isa = PBXFileReference; fileEncoding = 4; lastKnownFileType = file.xib; path = ItemViewController.xib; sourceTree = "<group>"; };
		B236B3F5445931BF0929CEA8 /* Pods-lostandfound.debug.xcconfig */ = {isa = PBXFileReference; includeInIndex = 1; lastKnownFileType = text.xcconfig; name = "Pods-lostandfound.debug.xcconfig"; path = "Pods/Target Support Files/Pods-lostandfound/Pods-lostandfound.debug.xcconfig"; sourceTree = "<group>"; };
		B598FA54C328A0D7140DF2E5 /* Pods-lostandfoundUITests.release.xcconfig */ = {isa = PBXFileReference; includeInIndex = 1; lastKnownFileType = text.xcconfig; name = "Pods-lostandfoundUITests.release.xcconfig"; path = "Pods/Target Support Files/Pods-lostandfoundUITests/Pods-lostandfoundUITests.release.xcconfig"; sourceTree = "<group>"; };
		BA02C1C91ECB049A006A788F /* LoginViewController.swift */ = {isa = PBXFileReference; fileEncoding = 4; lastKnownFileType = sourcecode.swift; path = LoginViewController.swift; sourceTree = "<group>"; };
		BA02C1CA1ECB049A006A788F /* LoginViewController.xib */ = {isa = PBXFileReference; fileEncoding = 4; lastKnownFileType = file.xib; path = LoginViewController.xib; sourceTree = "<group>"; };
		BA1888461F1FB88500DFA765 /* FoundViewController.swift */ = {isa = PBXFileReference; fileEncoding = 4; lastKnownFileType = sourcecode.swift; path = FoundViewController.swift; sourceTree = "<group>"; };
		BA1888471F1FB88500DFA765 /* FoundViewController.xib */ = {isa = PBXFileReference; fileEncoding = 4; lastKnownFileType = file.xib; path = FoundViewController.xib; sourceTree = "<group>"; };
		BA18884A1F1FB90E00DFA765 /* Item.swift */ = {isa = PBXFileReference; fileEncoding = 4; lastKnownFileType = sourcecode.swift; path = Item.swift; sourceTree = "<group>"; };
		BA18884C1F1FB9FB00DFA765 /* ItemRetriever.swift */ = {isa = PBXFileReference; fileEncoding = 4; lastKnownFileType = sourcecode.swift; path = ItemRetriever.swift; sourceTree = "<group>"; };
		BA2C6BB11ECAF7E900A5FD28 /* lostandfound.app */ = {isa = PBXFileReference; explicitFileType = wrapper.application; includeInIndex = 0; path = lostandfound.app; sourceTree = BUILT_PRODUCTS_DIR; };
		BA2C6BB41ECAF7E900A5FD28 /* AppDelegate.swift */ = {isa = PBXFileReference; lastKnownFileType = sourcecode.swift; path = AppDelegate.swift; sourceTree = "<group>"; };
		BA2C6BBB1ECAF7E900A5FD28 /* Assets.xcassets */ = {isa = PBXFileReference; lastKnownFileType = folder.assetcatalog; path = Assets.xcassets; sourceTree = "<group>"; };
		BA2C6BC01ECAF7E900A5FD28 /* Info.plist */ = {isa = PBXFileReference; lastKnownFileType = text.plist.xml; path = Info.plist; sourceTree = "<group>"; };
		BA2C6BC51ECAF7E900A5FD28 /* lostandfoundTests.xctest */ = {isa = PBXFileReference; explicitFileType = wrapper.cfbundle; includeInIndex = 0; path = lostandfoundTests.xctest; sourceTree = BUILT_PRODUCTS_DIR; };
		BA2C6BC91ECAF7E900A5FD28 /* lostandfoundTests.swift */ = {isa = PBXFileReference; lastKnownFileType = sourcecode.swift; path = lostandfoundTests.swift; sourceTree = "<group>"; };
		BA2C6BCB1ECAF7E900A5FD28 /* Info.plist */ = {isa = PBXFileReference; lastKnownFileType = text.plist.xml; path = Info.plist; sourceTree = "<group>"; };
		BA2C6BD01ECAF7E900A5FD28 /* lostandfoundUITests.xctest */ = {isa = PBXFileReference; explicitFileType = wrapper.cfbundle; includeInIndex = 0; path = lostandfoundUITests.xctest; sourceTree = BUILT_PRODUCTS_DIR; };
		BA2C6BD41ECAF7E900A5FD28 /* lostandfoundUITests.swift */ = {isa = PBXFileReference; lastKnownFileType = sourcecode.swift; path = lostandfoundUITests.swift; sourceTree = "<group>"; };
		BA2C6BD61ECAF7E900A5FD28 /* Info.plist */ = {isa = PBXFileReference; lastKnownFileType = text.plist.xml; path = Info.plist; sourceTree = "<group>"; };
		BAAC691A1F1FFA1A00C708BD /* GoogleService-Info.plist */ = {isa = PBXFileReference; fileEncoding = 4; lastKnownFileType = text.plist.xml; name = "GoogleService-Info.plist"; path = "lostandfound/GoogleService-Info.plist"; sourceTree = "<group>"; };
		D832292B1FDF8055EFEDC6A5 /* Pods-lostandfound.release.xcconfig */ = {isa = PBXFileReference; includeInIndex = 1; lastKnownFileType = text.xcconfig; name = "Pods-lostandfound.release.xcconfig"; path = "Pods/Target Support Files/Pods-lostandfound/Pods-lostandfound.release.xcconfig"; sourceTree = "<group>"; };
/* End PBXFileReference section */

/* Begin PBXFrameworksBuildPhase section */
		BA2C6BAE1ECAF7E900A5FD28 /* Frameworks */ = {
			isa = PBXFrameworksBuildPhase;
			buildActionMask = 2147483647;
			files = (
				4D80799A9B363102A2721AA7 /* Pods_lostandfound.framework in Frameworks */,
			);
			runOnlyForDeploymentPostprocessing = 0;
		};
		BA2C6BC21ECAF7E900A5FD28 /* Frameworks */ = {
			isa = PBXFrameworksBuildPhase;
			buildActionMask = 2147483647;
			files = (
				9826D4EFACEF3D1644CAB5A5 /* Pods_lostandfoundTests.framework in Frameworks */,
			);
			runOnlyForDeploymentPostprocessing = 0;
		};
		BA2C6BCD1ECAF7E900A5FD28 /* Frameworks */ = {
			isa = PBXFrameworksBuildPhase;
			buildActionMask = 2147483647;
			files = (
				5A3110FD7E4A77A959CDD6A2 /* Pods_lostandfoundUITests.framework in Frameworks */,
			);
			runOnlyForDeploymentPostprocessing = 0;
		};
/* End PBXFrameworksBuildPhase section */

/* Begin PBXGroup section */
		7811D032ACA6C23325A3DD55 /* Pods */ = {
			isa = PBXGroup;
			children = (
				B236B3F5445931BF0929CEA8 /* Pods-lostandfound.debug.xcconfig */,
				D832292B1FDF8055EFEDC6A5 /* Pods-lostandfound.release.xcconfig */,
				9347D27BBD5ABB30A1730F22 /* Pods-lostandfoundTests.debug.xcconfig */,
				6FB624E8A9767E6B8A2A4A73 /* Pods-lostandfoundTests.release.xcconfig */,
				1AEE9DC1CC2DAA22395754A8 /* Pods-lostandfoundUITests.debug.xcconfig */,
				B598FA54C328A0D7140DF2E5 /* Pods-lostandfoundUITests.release.xcconfig */,
			);
			name = Pods;
			sourceTree = "<group>";
		};
		84CE65EB30AE49FF8770BCB9 /* Frameworks */ = {
			isa = PBXGroup;
			children = (
				52C334DC591477AFF1531251 /* Pods_lostandfound.framework */,
				072975264B201A98F0A6230F /* Pods_lostandfoundTests.framework */,
				8090312C06211FA8860FCDAF /* Pods_lostandfoundUITests.framework */,
			);
			name = Frameworks;
			sourceTree = "<group>";
		};
		BA2C6BA81ECAF7E900A5FD28 = {
			isa = PBXGroup;
			children = (
				BAAC691A1F1FFA1A00C708BD /* GoogleService-Info.plist */,
				BA2C6BB31ECAF7E900A5FD28 /* lostandfound */,
				BA2C6BC81ECAF7E900A5FD28 /* lostandfoundTests */,
				BA2C6BD31ECAF7E900A5FD28 /* lostandfoundUITests */,
				BA2C6BB21ECAF7E900A5FD28 /* Products */,
				7811D032ACA6C23325A3DD55 /* Pods */,
				84CE65EB30AE49FF8770BCB9 /* Frameworks */,
			);
			sourceTree = "<group>";
		};
		BA2C6BB21ECAF7E900A5FD28 /* Products */ = {
			isa = PBXGroup;
			children = (
				BA2C6BB11ECAF7E900A5FD28 /* lostandfound.app */,
				BA2C6BC51ECAF7E900A5FD28 /* lostandfoundTests.xctest */,
				BA2C6BD01ECAF7E900A5FD28 /* lostandfoundUITests.xctest */,
			);
			name = Products;
			sourceTree = "<group>";
		};
		BA2C6BB31ECAF7E900A5FD28 /* lostandfound */ = {
			isa = PBXGroup;
			children = (
				BA2C6BB41ECAF7E900A5FD28 /* AppDelegate.swift */,
				BA2C6BBB1ECAF7E900A5FD28 /* Assets.xcassets */,
				BA2C6BC01ECAF7E900A5FD28 /* Info.plist */,
				BA02C1C91ECB049A006A788F /* LoginViewController.swift */,
				BA02C1CA1ECB049A006A788F /* LoginViewController.xib */,
				BA1888461F1FB88500DFA765 /* FoundViewController.swift */,
				BA1888471F1FB88500DFA765 /* FoundViewController.xib */,
				BA18884A1F1FB90E00DFA765 /* Item.swift */,
				BA18884C1F1FB9FB00DFA765 /* ItemRetriever.swift */,
				A3C5EFAD1F2017E000851289 /* ItemViewController.swift */,
				A3C5EFAE1F2017E000851289 /* ItemViewController.xib */,
			);
			path = lostandfound;
			sourceTree = "<group>";
		};
		BA2C6BC81ECAF7E900A5FD28 /* lostandfoundTests */ = {
			isa = PBXGroup;
			children = (
				BA2C6BC91ECAF7E900A5FD28 /* lostandfoundTests.swift */,
				BA2C6BCB1ECAF7E900A5FD28 /* Info.plist */,
			);
			path = lostandfoundTests;
			sourceTree = "<group>";
		};
		BA2C6BD31ECAF7E900A5FD28 /* lostandfoundUITests */ = {
			isa = PBXGroup;
			children = (
				BA2C6BD41ECAF7E900A5FD28 /* lostandfoundUITests.swift */,
				BA2C6BD61ECAF7E900A5FD28 /* Info.plist */,
			);
			path = lostandfoundUITests;
			sourceTree = "<group>";
		};
/* End PBXGroup section */

/* Begin PBXNativeTarget section */
		BA2C6BB01ECAF7E900A5FD28 /* lostandfound */ = {
			isa = PBXNativeTarget;
			buildConfigurationList = BA2C6BD91ECAF7E900A5FD28 /* Build configuration list for PBXNativeTarget "lostandfound" */;
			buildPhases = (
				F088778B8A59FFD47BD81C40 /* [CP] Check Pods Manifest.lock */,
				BA2C6BAD1ECAF7E900A5FD28 /* Sources */,
				BA2C6BAE1ECAF7E900A5FD28 /* Frameworks */,
				BA2C6BAF1ECAF7E900A5FD28 /* Resources */,
				959D5F8B3FF86E57AE7B3B19 /* [CP] Embed Pods Frameworks */,
				1CCD546D53853D6584F82DC7 /* [CP] Copy Pods Resources */,
			);
			buildRules = (
			);
			dependencies = (
			);
			name = lostandfound;
			productName = lostandfound;
			productReference = BA2C6BB11ECAF7E900A5FD28 /* lostandfound.app */;
			productType = "com.apple.product-type.application";
		};
		BA2C6BC41ECAF7E900A5FD28 /* lostandfoundTests */ = {
			isa = PBXNativeTarget;
			buildConfigurationList = BA2C6BDC1ECAF7E900A5FD28 /* Build configuration list for PBXNativeTarget "lostandfoundTests" */;
			buildPhases = (
				FC6D5AD5016F602F0C1D7B6B /* [CP] Check Pods Manifest.lock */,
				BA2C6BC11ECAF7E900A5FD28 /* Sources */,
				BA2C6BC21ECAF7E900A5FD28 /* Frameworks */,
				BA2C6BC31ECAF7E900A5FD28 /* Resources */,
				960A56E16F1DBF80320BFD8E /* [CP] Embed Pods Frameworks */,
				98F6176A8027DDE30865FC16 /* [CP] Copy Pods Resources */,
			);
			buildRules = (
			);
			dependencies = (
				BA2C6BC71ECAF7E900A5FD28 /* PBXTargetDependency */,
			);
			name = lostandfoundTests;
			productName = lostandfoundTests;
			productReference = BA2C6BC51ECAF7E900A5FD28 /* lostandfoundTests.xctest */;
			productType = "com.apple.product-type.bundle.unit-test";
		};
		BA2C6BCF1ECAF7E900A5FD28 /* lostandfoundUITests */ = {
			isa = PBXNativeTarget;
			buildConfigurationList = BA2C6BDF1ECAF7E900A5FD28 /* Build configuration list for PBXNativeTarget "lostandfoundUITests" */;
			buildPhases = (
				A2E74C2BD607899AB758EEBF /* [CP] Check Pods Manifest.lock */,
				BA2C6BCC1ECAF7E900A5FD28 /* Sources */,
				BA2C6BCD1ECAF7E900A5FD28 /* Frameworks */,
				BA2C6BCE1ECAF7E900A5FD28 /* Resources */,
				161082262D63539A8C483D16 /* [CP] Embed Pods Frameworks */,
				FCEDD10409173189964C6DE0 /* [CP] Copy Pods Resources */,
			);
			buildRules = (
			);
			dependencies = (
				BA2C6BD21ECAF7E900A5FD28 /* PBXTargetDependency */,
			);
			name = lostandfoundUITests;
			productName = lostandfoundUITests;
			productReference = BA2C6BD01ECAF7E900A5FD28 /* lostandfoundUITests.xctest */;
			productType = "com.apple.product-type.bundle.ui-testing";
		};
/* End PBXNativeTarget section */

/* Begin PBXProject section */
		BA2C6BA91ECAF7E900A5FD28 /* Project object */ = {
			isa = PBXProject;
			attributes = {
				LastSwiftUpdateCheck = 0830;
				LastUpgradeCheck = 0830;
				ORGANIZATIONNAME = "Lost And Found";
				TargetAttributes = {
					BA2C6BB01ECAF7E900A5FD28 = {
						CreatedOnToolsVersion = 8.3.2;
						DevelopmentTeam = PF99P4CE9P;
						ProvisioningStyle = Automatic;
					};
					BA2C6BC41ECAF7E900A5FD28 = {
						CreatedOnToolsVersion = 8.3.2;
						DevelopmentTeam = PF99P4CE9P;
						ProvisioningStyle = Automatic;
						TestTargetID = BA2C6BB01ECAF7E900A5FD28;
					};
					BA2C6BCF1ECAF7E900A5FD28 = {
						CreatedOnToolsVersion = 8.3.2;
						DevelopmentTeam = PF99P4CE9P;
						ProvisioningStyle = Automatic;
						TestTargetID = BA2C6BB01ECAF7E900A5FD28;
					};
				};
			};
			buildConfigurationList = BA2C6BAC1ECAF7E900A5FD28 /* Build configuration list for PBXProject "lostandfound" */;
			compatibilityVersion = "Xcode 3.2";
			developmentRegion = English;
			hasScannedForEncodings = 0;
			knownRegions = (
				en,
				Base,
			);
			mainGroup = BA2C6BA81ECAF7E900A5FD28;
			productRefGroup = BA2C6BB21ECAF7E900A5FD28 /* Products */;
			projectDirPath = "";
			projectRoot = "";
			targets = (
				BA2C6BB01ECAF7E900A5FD28 /* lostandfound */,
				BA2C6BC41ECAF7E900A5FD28 /* lostandfoundTests */,
				BA2C6BCF1ECAF7E900A5FD28 /* lostandfoundUITests */,
			);
		};
/* End PBXProject section */

/* Begin PBXResourcesBuildPhase section */
		BA2C6BAF1ECAF7E900A5FD28 /* Resources */ = {
			isa = PBXResourcesBuildPhase;
			buildActionMask = 2147483647;
			files = (
				BA02C1CC1ECB049A006A788F /* LoginViewController.xib in Resources */,
				BAAC691B1F1FFA1A00C708BD /* GoogleService-Info.plist in Resources */,
				A3C5EFB01F2017E000851289 /* ItemViewController.xib in Resources */,
				BA2C6BBC1ECAF7E900A5FD28 /* Assets.xcassets in Resources */,
				BA1888491F1FB88500DFA765 /* FoundViewController.xib in Resources */,
			);
			runOnlyForDeploymentPostprocessing = 0;
		};
		BA2C6BC31ECAF7E900A5FD28 /* Resources */ = {
			isa = PBXResourcesBuildPhase;
			buildActionMask = 2147483647;
			files = (
			);
			runOnlyForDeploymentPostprocessing = 0;
		};
		BA2C6BCE1ECAF7E900A5FD28 /* Resources */ = {
			isa = PBXResourcesBuildPhase;
			buildActionMask = 2147483647;
			files = (
			);
			runOnlyForDeploymentPostprocessing = 0;
		};
/* End PBXResourcesBuildPhase section */

/* Begin PBXShellScriptBuildPhase section */
		161082262D63539A8C483D16 /* [CP] Embed Pods Frameworks */ = {
			isa = PBXShellScriptBuildPhase;
			buildActionMask = 2147483647;
			files = (
			);
			inputPaths = (
			);
			name = "[CP] Embed Pods Frameworks";
			outputPaths = (
			);
			runOnlyForDeploymentPostprocessing = 0;
			shellPath = /bin/sh;
			shellScript = "\"${SRCROOT}/Pods/Target Support Files/Pods-lostandfoundUITests/Pods-lostandfoundUITests-frameworks.sh\"\n";
			showEnvVarsInLog = 0;
		};
		1CCD546D53853D6584F82DC7 /* [CP] Copy Pods Resources */ = {
			isa = PBXShellScriptBuildPhase;
			buildActionMask = 2147483647;
			files = (
			);
			inputPaths = (
			);
			name = "[CP] Copy Pods Resources";
			outputPaths = (
			);
			runOnlyForDeploymentPostprocessing = 0;
			shellPath = /bin/sh;
			shellScript = "\"${SRCROOT}/Pods/Target Support Files/Pods-lostandfound/Pods-lostandfound-resources.sh\"\n";
			showEnvVarsInLog = 0;
		};
		959D5F8B3FF86E57AE7B3B19 /* [CP] Embed Pods Frameworks */ = {
			isa = PBXShellScriptBuildPhase;
			buildActionMask = 2147483647;
			files = (
			);
			inputPaths = (
			);
			name = "[CP] Embed Pods Frameworks";
			outputPaths = (
			);
			runOnlyForDeploymentPostprocessing = 0;
			shellPath = /bin/sh;
			shellScript = "\"${SRCROOT}/Pods/Target Support Files/Pods-lostandfound/Pods-lostandfound-frameworks.sh\"\n";
			showEnvVarsInLog = 0;
		};
		960A56E16F1DBF80320BFD8E /* [CP] Embed Pods Frameworks */ = {
			isa = PBXShellScriptBuildPhase;
			buildActionMask = 2147483647;
			files = (
			);
			inputPaths = (
			);
			name = "[CP] Embed Pods Frameworks";
			outputPaths = (
			);
			runOnlyForDeploymentPostprocessing = 0;
			shellPath = /bin/sh;
			shellScript = "\"${SRCROOT}/Pods/Target Support Files/Pods-lostandfoundTests/Pods-lostandfoundTests-frameworks.sh\"\n";
			showEnvVarsInLog = 0;
		};
		98F6176A8027DDE30865FC16 /* [CP] Copy Pods Resources */ = {
			isa = PBXShellScriptBuildPhase;
			buildActionMask = 2147483647;
			files = (
			);
			inputPaths = (
			);
			name = "[CP] Copy Pods Resources";
			outputPaths = (
			);
			runOnlyForDeploymentPostprocessing = 0;
			shellPath = /bin/sh;
			shellScript = "\"${SRCROOT}/Pods/Target Support Files/Pods-lostandfoundTests/Pods-lostandfoundTests-resources.sh\"\n";
			showEnvVarsInLog = 0;
		};
		A2E74C2BD607899AB758EEBF /* [CP] Check Pods Manifest.lock */ = {
			isa = PBXShellScriptBuildPhase;
			buildActionMask = 2147483647;
			files = (
			);
			inputPaths = (
			);
			name = "[CP] Check Pods Manifest.lock";
			outputPaths = (
			);
			runOnlyForDeploymentPostprocessing = 0;
			shellPath = /bin/sh;
			shellScript = "diff \"${PODS_PODFILE_DIR_PATH}/Podfile.lock\" \"${PODS_ROOT}/Manifest.lock\" > /dev/null\nif [ $? != 0 ] ; then\n    # print error to STDERR\n    echo \"error: The sandbox is not in sync with the Podfile.lock. Run 'pod install' or update your CocoaPods installation.\" >&2\n    exit 1\nfi\n";
			showEnvVarsInLog = 0;
		};
		F088778B8A59FFD47BD81C40 /* [CP] Check Pods Manifest.lock */ = {
			isa = PBXShellScriptBuildPhase;
			buildActionMask = 2147483647;
			files = (
			);
			inputPaths = (
			);
			name = "[CP] Check Pods Manifest.lock";
			outputPaths = (
			);
			runOnlyForDeploymentPostprocessing = 0;
			shellPath = /bin/sh;
			shellScript = "diff \"${PODS_PODFILE_DIR_PATH}/Podfile.lock\" \"${PODS_ROOT}/Manifest.lock\" > /dev/null\nif [ $? != 0 ] ; then\n    # print error to STDERR\n    echo \"error: The sandbox is not in sync with the Podfile.lock. Run 'pod install' or update your CocoaPods installation.\" >&2\n    exit 1\nfi\n";
			showEnvVarsInLog = 0;
		};
		FC6D5AD5016F602F0C1D7B6B /* [CP] Check Pods Manifest.lock */ = {
			isa = PBXShellScriptBuildPhase;
			buildActionMask = 2147483647;
			files = (
			);
			inputPaths = (
			);
			name = "[CP] Check Pods Manifest.lock";
			outputPaths = (
			);
			runOnlyForDeploymentPostprocessing = 0;
			shellPath = /bin/sh;
			shellScript = "diff \"${PODS_PODFILE_DIR_PATH}/Podfile.lock\" \"${PODS_ROOT}/Manifest.lock\" > /dev/null\nif [ $? != 0 ] ; then\n    # print error to STDERR\n    echo \"error: The sandbox is not in sync with the Podfile.lock. Run 'pod install' or update your CocoaPods installation.\" >&2\n    exit 1\nfi\n";
			showEnvVarsInLog = 0;
		};
		FCEDD10409173189964C6DE0 /* [CP] Copy Pods Resources */ = {
			isa = PBXShellScriptBuildPhase;
			buildActionMask = 2147483647;
			files = (
			);
			inputPaths = (
			);
			name = "[CP] Copy Pods Resources";
			outputPaths = (
			);
			runOnlyForDeploymentPostprocessing = 0;
			shellPath = /bin/sh;
			shellScript = "\"${SRCROOT}/Pods/Target Support Files/Pods-lostandfoundUITests/Pods-lostandfoundUITests-resources.sh\"\n";
			showEnvVarsInLog = 0;
		};
/* End PBXShellScriptBuildPhase section */

/* Begin PBXSourcesBuildPhase section */
		BA2C6BAD1ECAF7E900A5FD28 /* Sources */ = {
			isa = PBXSourcesBuildPhase;
			buildActionMask = 2147483647;
			files = (
				BA18884B1F1FB90E00DFA765 /* Item.swift in Sources */,
				BA02C1CB1ECB049A006A788F /* LoginViewController.swift in Sources */,
				BA2C6BB51ECAF7E900A5FD28 /* AppDelegate.swift in Sources */,
				BA18884D1F1FB9FB00DFA765 /* ItemRetriever.swift in Sources */,
				BA1888481F1FB88500DFA765 /* FoundViewController.swift in Sources */,
				A3C5EFAF1F2017E000851289 /* ItemViewController.swift in Sources */,
			);
			runOnlyForDeploymentPostprocessing = 0;
		};
		BA2C6BC11ECAF7E900A5FD28 /* Sources */ = {
			isa = PBXSourcesBuildPhase;
			buildActionMask = 2147483647;
			files = (
				BA2C6BCA1ECAF7E900A5FD28 /* lostandfoundTests.swift in Sources */,
			);
			runOnlyForDeploymentPostprocessing = 0;
		};
		BA2C6BCC1ECAF7E900A5FD28 /* Sources */ = {
			isa = PBXSourcesBuildPhase;
			buildActionMask = 2147483647;
			files = (
				BA2C6BD51ECAF7E900A5FD28 /* lostandfoundUITests.swift in Sources */,
			);
			runOnlyForDeploymentPostprocessing = 0;
		};
/* End PBXSourcesBuildPhase section */

/* Begin PBXTargetDependency section */
		BA2C6BC71ECAF7E900A5FD28 /* PBXTargetDependency */ = {
			isa = PBXTargetDependency;
			target = BA2C6BB01ECAF7E900A5FD28 /* lostandfound */;
			targetProxy = BA2C6BC61ECAF7E900A5FD28 /* PBXContainerItemProxy */;
		};
		BA2C6BD21ECAF7E900A5FD28 /* PBXTargetDependency */ = {
			isa = PBXTargetDependency;
			target = BA2C6BB01ECAF7E900A5FD28 /* lostandfound */;
			targetProxy = BA2C6BD11ECAF7E900A5FD28 /* PBXContainerItemProxy */;
		};
/* End PBXTargetDependency section */

/* Begin XCBuildConfiguration section */
		BA2C6BD71ECAF7E900A5FD28 /* Debug */ = {
			isa = XCBuildConfiguration;
			buildSettings = {
				ALWAYS_SEARCH_USER_PATHS = NO;
				CLANG_ANALYZER_NONNULL = YES;
				CLANG_ANALYZER_NUMBER_OBJECT_CONVERSION = YES_AGGRESSIVE;
				CLANG_CXX_LANGUAGE_STANDARD = "gnu++0x";
				CLANG_CXX_LIBRARY = "libc++";
				CLANG_ENABLE_MODULES = YES;
				CLANG_ENABLE_OBJC_ARC = YES;
				CLANG_WARN_BOOL_CONVERSION = YES;
				CLANG_WARN_CONSTANT_CONVERSION = YES;
				CLANG_WARN_DIRECT_OBJC_ISA_USAGE = YES_ERROR;
				CLANG_WARN_DOCUMENTATION_COMMENTS = YES;
				CLANG_WARN_EMPTY_BODY = YES;
				CLANG_WARN_ENUM_CONVERSION = YES;
				CLANG_WARN_INFINITE_RECURSION = YES;
				CLANG_WARN_INT_CONVERSION = YES;
				CLANG_WARN_OBJC_ROOT_CLASS = YES_ERROR;
				CLANG_WARN_SUSPICIOUS_MOVE = YES;
				CLANG_WARN_UNREACHABLE_CODE = YES;
				CLANG_WARN__DUPLICATE_METHOD_MATCH = YES;
				"CODE_SIGN_IDENTITY[sdk=iphoneos*]" = "iPhone Developer";
				COPY_PHASE_STRIP = NO;
				DEBUG_INFORMATION_FORMAT = dwarf;
				ENABLE_STRICT_OBJC_MSGSEND = YES;
				ENABLE_TESTABILITY = YES;
				GCC_C_LANGUAGE_STANDARD = gnu99;
				GCC_DYNAMIC_NO_PIC = NO;
				GCC_NO_COMMON_BLOCKS = YES;
				GCC_OPTIMIZATION_LEVEL = 0;
				GCC_PREPROCESSOR_DEFINITIONS = (
					"DEBUG=1",
					"$(inherited)",
				);
				GCC_WARN_64_TO_32_BIT_CONVERSION = YES;
				GCC_WARN_ABOUT_RETURN_TYPE = YES_ERROR;
				GCC_WARN_UNDECLARED_SELECTOR = YES;
				GCC_WARN_UNINITIALIZED_AUTOS = YES_AGGRESSIVE;
				GCC_WARN_UNUSED_FUNCTION = YES;
				GCC_WARN_UNUSED_VARIABLE = YES;
				IPHONEOS_DEPLOYMENT_TARGET = 10.3;
				MTL_ENABLE_DEBUG_INFO = YES;
				ONLY_ACTIVE_ARCH = YES;
				SDKROOT = iphoneos;
				SWIFT_ACTIVE_COMPILATION_CONDITIONS = DEBUG;
				SWIFT_OPTIMIZATION_LEVEL = "-Onone";
				TARGETED_DEVICE_FAMILY = "1,2";
			};
			name = Debug;
		};
		BA2C6BD81ECAF7E900A5FD28 /* Release */ = {
			isa = XCBuildConfiguration;
			buildSettings = {
				ALWAYS_SEARCH_USER_PATHS = NO;
				CLANG_ANALYZER_NONNULL = YES;
				CLANG_ANALYZER_NUMBER_OBJECT_CONVERSION = YES_AGGRESSIVE;
				CLANG_CXX_LANGUAGE_STANDARD = "gnu++0x";
				CLANG_CXX_LIBRARY = "libc++";
				CLANG_ENABLE_MODULES = YES;
				CLANG_ENABLE_OBJC_ARC = YES;
				CLANG_WARN_BOOL_CONVERSION = YES;
				CLANG_WARN_CONSTANT_CONVERSION = YES;
				CLANG_WARN_DIRECT_OBJC_ISA_USAGE = YES_ERROR;
				CLANG_WARN_DOCUMENTATION_COMMENTS = YES;
				CLANG_WARN_EMPTY_BODY = YES;
				CLANG_WARN_ENUM_CONVERSION = YES;
				CLANG_WARN_INFINITE_RECURSION = YES;
				CLANG_WARN_INT_CONVERSION = YES;
				CLANG_WARN_OBJC_ROOT_CLASS = YES_ERROR;
				CLANG_WARN_SUSPICIOUS_MOVE = YES;
				CLANG_WARN_UNREACHABLE_CODE = YES;
				CLANG_WARN__DUPLICATE_METHOD_MATCH = YES;
				"CODE_SIGN_IDENTITY[sdk=iphoneos*]" = "iPhone Developer";
				COPY_PHASE_STRIP = NO;
				DEBUG_INFORMATION_FORMAT = "dwarf-with-dsym";
				ENABLE_NS_ASSERTIONS = NO;
				ENABLE_STRICT_OBJC_MSGSEND = YES;
				GCC_C_LANGUAGE_STANDARD = gnu99;
				GCC_NO_COMMON_BLOCKS = YES;
				GCC_WARN_64_TO_32_BIT_CONVERSION = YES;
				GCC_WARN_ABOUT_RETURN_TYPE = YES_ERROR;
				GCC_WARN_UNDECLARED_SELECTOR = YES;
				GCC_WARN_UNINITIALIZED_AUTOS = YES_AGGRESSIVE;
				GCC_WARN_UNUSED_FUNCTION = YES;
				GCC_WARN_UNUSED_VARIABLE = YES;
				IPHONEOS_DEPLOYMENT_TARGET = 10.3;
				MTL_ENABLE_DEBUG_INFO = NO;
				SDKROOT = iphoneos;
				SWIFT_OPTIMIZATION_LEVEL = "-Owholemodule";
				TARGETED_DEVICE_FAMILY = "1,2";
				VALIDATE_PRODUCT = YES;
			};
			name = Release;
		};
		BA2C6BDA1ECAF7E900A5FD28 /* Debug */ = {
			isa = XCBuildConfiguration;
			baseConfigurationReference = B236B3F5445931BF0929CEA8 /* Pods-lostandfound.debug.xcconfig */;
			buildSettings = {
				ASSETCATALOG_COMPILER_APPICON_NAME = AppIcon;
				DEVELOPMENT_TEAM = PF99P4CE9P;
				INFOPLIST_FILE = lostandfound/Info.plist;
				IPHONEOS_DEPLOYMENT_TARGET = 9.0;
				LD_RUNPATH_SEARCH_PATHS = "$(inherited) @executable_path/Frameworks";
				PRODUCT_BUNDLE_IDENTIFIER = com.esgi.lostandfound;
				PRODUCT_NAME = "$(TARGET_NAME)";
				SWIFT_VERSION = 3.0;
			};
			name = Debug;
		};
		BA2C6BDB1ECAF7E900A5FD28 /* Release */ = {
			isa = XCBuildConfiguration;
			baseConfigurationReference = D832292B1FDF8055EFEDC6A5 /* Pods-lostandfound.release.xcconfig */;
			buildSettings = {
				ASSETCATALOG_COMPILER_APPICON_NAME = AppIcon;
				DEVELOPMENT_TEAM = PF99P4CE9P;
				INFOPLIST_FILE = lostandfound/Info.plist;
				IPHONEOS_DEPLOYMENT_TARGET = 9.0;
				LD_RUNPATH_SEARCH_PATHS = "$(inherited) @executable_path/Frameworks";
				PRODUCT_BUNDLE_IDENTIFIER = com.esgi.lostandfound;
				PRODUCT_NAME = "$(TARGET_NAME)";
				SWIFT_VERSION = 3.0;
			};
			name = Release;
		};
		BA2C6BDD1ECAF7E900A5FD28 /* Debug */ = {
			isa = XCBuildConfiguration;
			baseConfigurationReference = 9347D27BBD5ABB30A1730F22 /* Pods-lostandfoundTests.debug.xcconfig */;
			buildSettings = {
				ALWAYS_EMBED_SWIFT_STANDARD_LIBRARIES = YES;
				BUNDLE_LOADER = "$(TEST_HOST)";
				DEVELOPMENT_TEAM = PF99P4CE9P;
				INFOPLIST_FILE = lostandfoundTests/Info.plist;
				LD_RUNPATH_SEARCH_PATHS = "$(inherited) @executable_path/Frameworks @loader_path/Frameworks";
				PRODUCT_BUNDLE_IDENTIFIER = com.esgi.lostandfound.lostandfoundTests;
				PRODUCT_NAME = "$(TARGET_NAME)";
				SWIFT_VERSION = 3.0;
				TEST_HOST = "$(BUILT_PRODUCTS_DIR)/lostandfound.app/lostandfound";
			};
			name = Debug;
		};
		BA2C6BDE1ECAF7E900A5FD28 /* Release */ = {
			isa = XCBuildConfiguration;
			baseConfigurationReference = 6FB624E8A9767E6B8A2A4A73 /* Pods-lostandfoundTests.release.xcconfig */;
			buildSettings = {
				ALWAYS_EMBED_SWIFT_STANDARD_LIBRARIES = YES;
				BUNDLE_LOADER = "$(TEST_HOST)";
				DEVELOPMENT_TEAM = PF99P4CE9P;
				INFOPLIST_FILE = lostandfoundTests/Info.plist;
				LD_RUNPATH_SEARCH_PATHS = "$(inherited) @executable_path/Frameworks @loader_path/Frameworks";
				PRODUCT_BUNDLE_IDENTIFIER = com.esgi.lostandfound.lostandfoundTests;
				PRODUCT_NAME = "$(TARGET_NAME)";
				SWIFT_VERSION = 3.0;
				TEST_HOST = "$(BUILT_PRODUCTS_DIR)/lostandfound.app/lostandfound";
			};
			name = Release;
		};
		BA2C6BE01ECAF7E900A5FD28 /* Debug */ = {
			isa = XCBuildConfiguration;
			baseConfigurationReference = 1AEE9DC1CC2DAA22395754A8 /* Pods-lostandfoundUITests.debug.xcconfig */;
			buildSettings = {
				ALWAYS_EMBED_SWIFT_STANDARD_LIBRARIES = YES;
				DEVELOPMENT_TEAM = PF99P4CE9P;
				INFOPLIST_FILE = lostandfoundUITests/Info.plist;
				LD_RUNPATH_SEARCH_PATHS = "$(inherited) @executable_path/Frameworks @loader_path/Frameworks";
				PRODUCT_BUNDLE_IDENTIFIER = com.esgi.lostandfound.lostandfoundUITests;
				PRODUCT_NAME = "$(TARGET_NAME)";
				SWIFT_VERSION = 3.0;
				TEST_TARGET_NAME = lostandfound;
			};
			name = Debug;
		};
		BA2C6BE11ECAF7E900A5FD28 /* Release */ = {
			isa = XCBuildConfiguration;
			baseConfigurationReference = B598FA54C328A0D7140DF2E5 /* Pods-lostandfoundUITests.release.xcconfig */;
			buildSettings = {
				ALWAYS_EMBED_SWIFT_STANDARD_LIBRARIES = YES;
				DEVELOPMENT_TEAM = PF99P4CE9P;
				INFOPLIST_FILE = lostandfoundUITests/Info.plist;
				LD_RUNPATH_SEARCH_PATHS = "$(inherited) @executable_path/Frameworks @loader_path/Frameworks";
				PRODUCT_BUNDLE_IDENTIFIER = com.esgi.lostandfound.lostandfoundUITests;
				PRODUCT_NAME = "$(TARGET_NAME)";
				SWIFT_VERSION = 3.0;
				TEST_TARGET_NAME = lostandfound;
			};
			name = Release;
		};
/* End XCBuildConfiguration section */

/* Begin XCConfigurationList section */
		BA2C6BAC1ECAF7E900A5FD28 /* Build configuration list for PBXProject "lostandfound" */ = {
			isa = XCConfigurationList;
			buildConfigurations = (
				BA2C6BD71ECAF7E900A5FD28 /* Debug */,
				BA2C6BD81ECAF7E900A5FD28 /* Release */,
			);
			defaultConfigurationIsVisible = 0;
			defaultConfigurationName = Release;
		};
		BA2C6BD91ECAF7E900A5FD28 /* Build configuration list for PBXNativeTarget "lostandfound" */ = {
			isa = XCConfigurationList;
			buildConfigurations = (
				BA2C6BDA1ECAF7E900A5FD28 /* Debug */,
				BA2C6BDB1ECAF7E900A5FD28 /* Release */,
			);
			defaultConfigurationIsVisible = 0;
			defaultConfigurationName = Release;
		};
		BA2C6BDC1ECAF7E900A5FD28 /* Build configuration list for PBXNativeTarget "lostandfoundTests" */ = {
			isa = XCConfigurationList;
			buildConfigurations = (
				BA2C6BDD1ECAF7E900A5FD28 /* Debug */,
				BA2C6BDE1ECAF7E900A5FD28 /* Release */,
			);
			defaultConfigurationIsVisible = 0;
			defaultConfigurationName = Release;
		};
		BA2C6BDF1ECAF7E900A5FD28 /* Build configuration list for PBXNativeTarget "lostandfoundUITests" */ = {
			isa = XCConfigurationList;
			buildConfigurations = (
				BA2C6BE01ECAF7E900A5FD28 /* Debug */,
				BA2C6BE11ECAF7E900A5FD28 /* Release */,
			);
			defaultConfigurationIsVisible = 0;
			defaultConfigurationName = Release;
		};
/* End XCConfigurationList section */
	};
	rootObject = BA2C6BA91ECAF7E900A5FD28 /* Project object */;
}
